dependencies:
- name: nats
  repository: https://charts.bitnami.com/bitnami
  version: 6.0.0
- name: redis
  repository: https://charts.bitnami.com/bitnami
  version: 12.1.1
- name: etcd
  repository: https://charts.bitnami.com/bitnami
  version: 5.5.1
digest: sha256:aef3e10a4c63b331e21e19df1504b633c34403c703078d8d9d97af5258382e39
generated: "2021-01-19T18:09:24.626462499Z"
