dependencies:
- name: nats
  repository: https://charts.bitnami.com/bitnami
  version: 6.1.1
- name: redis
  repository: https://charts.bitnami.com/bitnami
  version: 12.1.1
- name: etcd
  repository: https://charts.bitnami.com/bitnami
  version: 5.3.0
digest: sha256:57d3a0ebda7f66c627e8dce903063e0a90e8fe8021858de490a70aa6be51870d
generated: "2021-01-20T09:02:12.943995127Z"
